
Microsoft Visual Studio Solution File, Format Version 12.00
# Visual Studio Version 16
VisualStudioVersion = 16.0.28902.138
MinimumVisualStudioVersion = 10.0.40219.1
Project("{FAE04EC0-301F-11D3-BF4B-00C04F79EFBC}") = "01. Excellent Result", "01. Excellent Result\01. Excellent Result.csproj", "{E38F12CC-EAF0-48D6-A547-A6239627547B}"
EndProject
Project("{FAE04EC0-301F-11D3-BF4B-00C04F79EFBC}") = "02. Even or Odd", "02. Even or Odd\02. Even or Odd.csproj", "{E5C260AD-3DE0-4A8C-86D6-37F1494F8A50}"
EndProject
Project("{FAE04EC0-301F-11D3-BF4B-00C04F79EFBC}") = "03. Number 1to9 to Text", "03. Number 1to9 to Text\03. Number 1to9 to Text.csproj", "{398E50EC-8856-45CB-B84D-D938EEAAC511}"
EndProject
Project("{FAE04EC0-301F-11D3-BF4B-00C04F79EFBC}") = "04. Day of Week", "04. Day of Week\04. Day of Week.csproj", "{6EBE2128-797A-405A-8E0C-77D5699AF304}"
EndProject
Project("{FAE04EC0-301F-11D3-BF4B-00C04F79EFBC}") = "05. Animal Type", "05. Animal Type\05. Animal Type.csproj", "{FDAE0213-B18C-47B8-A2FD-E5308483A8DB}"
EndProject
Project("{FAE04EC0-301F-11D3-BF4B-00C04F79EFBC}") = "06. Area of Figures", "06. Area of Figures\06. Area of Figures.csproj", "{165616CF-BEBC-4A52-A379-EE641114A67B}"
EndProject
Project("{FAE04EC0-301F-11D3-BF4B-00C04F79EFBC}") = "07. 3 Equal Numbers", "07. 3 Equal Numbers\07. 3 Equal Numbers.csproj", "{73FDCFC3-896E-49C0-9645-12A6C193D24E}"
EndProject
Global
	GlobalSection(SolutionConfigurationPlatforms) = preSolution
		Debug|Any CPU = Debug|Any CPU
		Release|Any CPU = Release|Any CPU
	EndGlobalSection
	GlobalSection(ProjectConfigurationPlatforms) = postSolution
		{E38F12CC-EAF0-48D6-A547-A6239627547B}.Debug|Any CPU.ActiveCfg = Debug|Any CPU
		{E38F12CC-EAF0-48D6-A547-A6239627547B}.Debug|Any CPU.Build.0 = Debug|Any CPU
		{E38F12CC-EAF0-48D6-A547-A6239627547B}.Release|Any CPU.ActiveCfg = Release|Any CPU
		{E38F12CC-EAF0-48D6-A547-A6239627547B}.Release|Any CPU.Build.0 = Release|Any CPU
		{E5C260AD-3DE0-4A8C-86D6-37F1494F8A50}.Debug|Any CPU.ActiveCfg = Debug|Any CPU
		{E5C260AD-3DE0-4A8C-86D6-37F1494F8A50}.Debug|Any CPU.Build.0 = Debug|Any CPU
		{E5C260AD-3DE0-4A8C-86D6-37F1494F8A50}.Release|Any CPU.ActiveCfg = Release|Any CPU
		{E5C260AD-3DE0-4A8C-86D6-37F1494F8A50}.Release|Any CPU.Build.0 = Release|Any CPU
		{398E50EC-8856-45CB-B84D-D938EEAAC511}.Debug|Any CPU.ActiveCfg = Debug|Any CPU
		{398E50EC-8856-45CB-B84D-D938EEAAC511}.Debug|Any CPU.Build.0 = Debug|Any CPU
		{398E50EC-8856-45CB-B84D-D938EEAAC511}.Release|Any CPU.ActiveCfg = Release|Any CPU
		{398E50EC-8856-45CB-B84D-D938EEAAC511}.Release|Any CPU.Build.0 = Release|Any CPU
		{6EBE2128-797A-405A-8E0C-77D5699AF304}.Debug|Any CPU.ActiveCfg = Debug|Any CPU
		{6EBE2128-797A-405A-8E0C-77D5699AF304}.Debug|Any CPU.Build.0 = Debug|Any CPU
		{6EBE2128-797A-405A-8E0C-77D5699AF304}.Release|Any CPU.ActiveCfg = Release|Any CPU
		{6EBE2128-797A-405A-8E0C-77D5699AF304}.Release|Any CPU.Build.0 = Release|Any CPU
		{FDAE0213-B18C-47B8-A2FD-E5308483A8DB}.Debug|Any CPU.ActiveCfg = Debug|Any CPU
		{FDAE0213-B18C-47B8-A2FD-E5308483A8DB}.Debug|Any CPU.Build.0 = Debug|Any CPU
		{FDAE0213-B18C-47B8-A2FD-E5308483A8DB}.Release|Any CPU.ActiveCfg = Release|Any CPU
		{FDAE0213-B18C-47B8-A2FD-E5308483A8DB}.Release|Any CPU.Build.0 = Release|Any CPU
		{165616CF-BEBC-4A52-A379-EE641114A67B}.Debug|Any CPU.ActiveCfg = Debug|Any CPU
		{165616CF-BEBC-4A52-A379-EE641114A67B}.Debug|Any CPU.Build.0 = Debug|Any CPU
		{165616CF-BEBC-4A52-A379-EE641114A67B}.Release|Any CPU.ActiveCfg = Release|Any CPU
		{165616CF-BEBC-4A52-A379-EE641114A67B}.Release|Any CPU.Build.0 = Release|Any CPU
		{73FDCFC3-896E-49C0-9645-12A6C193D24E}.Debug|Any CPU.ActiveCfg = Debug|Any CPU
		{73FDCFC3-896E-49C0-9645-12A6C193D24E}.Debug|Any CPU.Build.0 = Debug|Any CPU
		{73FDCFC3-896E-49C0-9645-12A6C193D24E}.Release|Any CPU.ActiveCfg = Release|Any CPU
		{73FDCFC3-896E-49C0-9645-12A6C193D24E}.Release|Any CPU.Build.0 = Release|Any CPU
	EndGlobalSection
	GlobalSection(SolutionProperties) = preSolution
		HideSolutionNode = FALSE
	EndGlobalSection
	GlobalSection(ExtensibilityGlobals) = postSolution
		SolutionGuid = {A70BB1DE-C2A2-42CB-B417-F2EB17D3FAF3}
	EndGlobalSection
EndGlobal
