
Microsoft Visual Studio Solution File, Format Version 12.00
# Visual Studio Version 16
VisualStudioVersion = 16.0.29006.145
MinimumVisualStudioVersion = 10.0.40219.1
Project("{FAE04EC0-301F-11D3-BF4B-00C04F79EFBC}") = "01. Library", "01. Library\01. Library.csproj", "{35E996D4-344E-4C14-B5F7-BE817E53DABE}"
EndProject
Global
	GlobalSection(SolutionConfigurationPlatforms) = preSolution
		Debug|Any CPU = Debug|Any CPU
		Release|Any CPU = Release|Any CPU
	EndGlobalSection
	GlobalSection(ProjectConfigurationPlatforms) = postSolution
		{35E996D4-344E-4C14-B5F7-BE817E53DABE}.Debug|Any CPU.ActiveCfg = Debug|Any CPU
		{35E996D4-344E-4C14-B5F7-BE817E53DABE}.Debug|Any CPU.Build.0 = Debug|Any CPU
		{35E996D4-344E-4C14-B5F7-BE817E53DABE}.Release|Any CPU.ActiveCfg = Release|Any CPU
		{35E996D4-344E-4C14-B5F7-BE817E53DABE}.Release|Any CPU.Build.0 = Release|Any CPU
	EndGlobalSection
	GlobalSection(SolutionProperties) = preSolution
		HideSolutionNode = FALSE
	EndGlobalSection
	GlobalSection(ExtensibilityGlobals) = postSolution
		SolutionGuid = {6FAA0DA7-CDB0-4EA8-B2A8-A0C308B5BE91}
	EndGlobalSection
EndGlobal
