
Microsoft Visual Studio Solution File, Format Version 12.00
# Visual Studio Version 16
VisualStudioVersion = 16.0.28902.138
MinimumVisualStudioVersion = 10.0.40219.1
Project("{9A19103F-16F7-4668-BE54-9A1E7A4F7556}") = "01. Greatest Common Divisor", "01. Greatest Common Divisor\01. Greatest Common Divisor.csproj", "{587D5ADF-6547-4CD8-9B7D-9668953BDCAC}"
EndProject
Project("{FAE04EC0-301F-11D3-BF4B-00C04F79EFBC}") = "02. Old books", "02. Old books\02. Old books.csproj", "{4D63FBDD-E681-4E57-A2FF-049E9387A3E6}"
EndProject
Project("{FAE04EC0-301F-11D3-BF4B-00C04F79EFBC}") = "03. Exam Preparation", "03. Exam Preparation\03. Exam Preparation.csproj", "{C0423248-04E5-48A7-956C-3093BCCBE986}"
EndProject
Project("{FAE04EC0-301F-11D3-BF4B-00C04F79EFBC}") = "04. Vacation", "04. Vacation\04. Vacation.csproj", "{CC216BC0-C3EE-4FF6-A76E-683E6DBF81F7}"
EndProject
Project("{FAE04EC0-301F-11D3-BF4B-00C04F79EFBC}") = "05. Coins", "05. Coins\05. Coins.csproj", "{7F04AAC6-779D-4472-AF1B-67B1DDE2CCD6}"
EndProject
Project("{FAE04EC0-301F-11D3-BF4B-00C04F79EFBC}") = "06. Cake", "06. Cake\06. Cake.csproj", "{F6DDC01A-2DEA-4E6E-9024-72F29F80EB5B}"
EndProject
Global
	GlobalSection(SolutionConfigurationPlatforms) = preSolution
		Debug|Any CPU = Debug|Any CPU
		Release|Any CPU = Release|Any CPU
	EndGlobalSection
	GlobalSection(ProjectConfigurationPlatforms) = postSolution
		{587D5ADF-6547-4CD8-9B7D-9668953BDCAC}.Debug|Any CPU.ActiveCfg = Debug|Any CPU
		{587D5ADF-6547-4CD8-9B7D-9668953BDCAC}.Debug|Any CPU.Build.0 = Debug|Any CPU
		{587D5ADF-6547-4CD8-9B7D-9668953BDCAC}.Release|Any CPU.ActiveCfg = Release|Any CPU
		{587D5ADF-6547-4CD8-9B7D-9668953BDCAC}.Release|Any CPU.Build.0 = Release|Any CPU
		{4D63FBDD-E681-4E57-A2FF-049E9387A3E6}.Debug|Any CPU.ActiveCfg = Debug|Any CPU
		{4D63FBDD-E681-4E57-A2FF-049E9387A3E6}.Debug|Any CPU.Build.0 = Debug|Any CPU
		{4D63FBDD-E681-4E57-A2FF-049E9387A3E6}.Release|Any CPU.ActiveCfg = Release|Any CPU
		{4D63FBDD-E681-4E57-A2FF-049E9387A3E6}.Release|Any CPU.Build.0 = Release|Any CPU
		{C0423248-04E5-48A7-956C-3093BCCBE986}.Debug|Any CPU.ActiveCfg = Debug|Any CPU
		{C0423248-04E5-48A7-956C-3093BCCBE986}.Debug|Any CPU.Build.0 = Debug|Any CPU
		{C0423248-04E5-48A7-956C-3093BCCBE986}.Release|Any CPU.ActiveCfg = Release|Any CPU
		{C0423248-04E5-48A7-956C-3093BCCBE986}.Release|Any CPU.Build.0 = Release|Any CPU
		{CC216BC0-C3EE-4FF6-A76E-683E6DBF81F7}.Debug|Any CPU.ActiveCfg = Debug|Any CPU
		{CC216BC0-C3EE-4FF6-A76E-683E6DBF81F7}.Debug|Any CPU.Build.0 = Debug|Any CPU
		{CC216BC0-C3EE-4FF6-A76E-683E6DBF81F7}.Release|Any CPU.ActiveCfg = Release|Any CPU
		{CC216BC0-C3EE-4FF6-A76E-683E6DBF81F7}.Release|Any CPU.Build.0 = Release|Any CPU
		{7F04AAC6-779D-4472-AF1B-67B1DDE2CCD6}.Debug|Any CPU.ActiveCfg = Debug|Any CPU
		{7F04AAC6-779D-4472-AF1B-67B1DDE2CCD6}.Debug|Any CPU.Build.0 = Debug|Any CPU
		{7F04AAC6-779D-4472-AF1B-67B1DDE2CCD6}.Release|Any CPU.ActiveCfg = Release|Any CPU
		{7F04AAC6-779D-4472-AF1B-67B1DDE2CCD6}.Release|Any CPU.Build.0 = Release|Any CPU
		{F6DDC01A-2DEA-4E6E-9024-72F29F80EB5B}.Debug|Any CPU.ActiveCfg = Debug|Any CPU
		{F6DDC01A-2DEA-4E6E-9024-72F29F80EB5B}.Debug|Any CPU.Build.0 = Debug|Any CPU
		{F6DDC01A-2DEA-4E6E-9024-72F29F80EB5B}.Release|Any CPU.ActiveCfg = Release|Any CPU
		{F6DDC01A-2DEA-4E6E-9024-72F29F80EB5B}.Release|Any CPU.Build.0 = Release|Any CPU
	EndGlobalSection
	GlobalSection(SolutionProperties) = preSolution
		HideSolutionNode = FALSE
	EndGlobalSection
	GlobalSection(ExtensibilityGlobals) = postSolution
		SolutionGuid = {BAB9E94C-E2A1-4F18-8EAE-E1555682ACBF}
	EndGlobalSection
EndGlobal
