
Microsoft Visual Studio Solution File, Format Version 12.00
# Visual Studio Version 16
VisualStudioVersion = 16.0.29021.104
MinimumVisualStudioVersion = 10.0.40219.1
Project("{9A19103F-16F7-4668-BE54-9A1E7A4F7556}") = "P01_ClassBoxData", "P01_ClassBoxData\P01_ClassBoxData.csproj", "{8EFE5898-7E58-44D9-BE86-C8525B965108}"
EndProject
Project("{9A19103F-16F7-4668-BE54-9A1E7A4F7556}") = "P02_AnimalFarm", "P02_AnimalFarm\P02_AnimalFarm.csproj", "{AC486245-57B1-47F7-8EF4-ACE35564C411}"
EndProject
Project("{FAE04EC0-301F-11D3-BF4B-00C04F79EFBC}") = "P03_ShoppingSpree", "P03_ShoppingSpree\P03_ShoppingSpree.csproj", "{D0932187-B6CE-4DAC-93BB-9BB878E32B14}"
EndProject
Global
	GlobalSection(SolutionConfigurationPlatforms) = preSolution
		Debug|Any CPU = Debug|Any CPU
		Release|Any CPU = Release|Any CPU
	EndGlobalSection
	GlobalSection(ProjectConfigurationPlatforms) = postSolution
		{8EFE5898-7E58-44D9-BE86-C8525B965108}.Debug|Any CPU.ActiveCfg = Debug|Any CPU
		{8EFE5898-7E58-44D9-BE86-C8525B965108}.Debug|Any CPU.Build.0 = Debug|Any CPU
		{8EFE5898-7E58-44D9-BE86-C8525B965108}.Release|Any CPU.ActiveCfg = Release|Any CPU
		{8EFE5898-7E58-44D9-BE86-C8525B965108}.Release|Any CPU.Build.0 = Release|Any CPU
		{AC486245-57B1-47F7-8EF4-ACE35564C411}.Debug|Any CPU.ActiveCfg = Debug|Any CPU
		{AC486245-57B1-47F7-8EF4-ACE35564C411}.Debug|Any CPU.Build.0 = Debug|Any CPU
		{AC486245-57B1-47F7-8EF4-ACE35564C411}.Release|Any CPU.ActiveCfg = Release|Any CPU
		{AC486245-57B1-47F7-8EF4-ACE35564C411}.Release|Any CPU.Build.0 = Release|Any CPU
		{D0932187-B6CE-4DAC-93BB-9BB878E32B14}.Debug|Any CPU.ActiveCfg = Debug|Any CPU
		{D0932187-B6CE-4DAC-93BB-9BB878E32B14}.Debug|Any CPU.Build.0 = Debug|Any CPU
		{D0932187-B6CE-4DAC-93BB-9BB878E32B14}.Release|Any CPU.ActiveCfg = Release|Any CPU
		{D0932187-B6CE-4DAC-93BB-9BB878E32B14}.Release|Any CPU.Build.0 = Release|Any CPU
	EndGlobalSection
	GlobalSection(SolutionProperties) = preSolution
		HideSolutionNode = FALSE
	EndGlobalSection
	GlobalSection(ExtensibilityGlobals) = postSolution
		SolutionGuid = {20187A1B-9780-4A49-AE21-EBA72E788B2E}
	EndGlobalSection
EndGlobal
