
Microsoft Visual Studio Solution File, Format Version 12.00
# Visual Studio Version 16
VisualStudioVersion = 16.0.29006.145
MinimumVisualStudioVersion = 10.0.40219.1
Project("{FAE04EC0-301F-11D3-BF4B-00C04F79EFBC}") = "CustomStructures", "CustomStructures\CustomStructures.csproj", "{B02189BC-A892-43EF-809A-63279663BE25}"
EndProject
Global
	GlobalSection(SolutionConfigurationPlatforms) = preSolution
		Debug|Any CPU = Debug|Any CPU
		Release|Any CPU = Release|Any CPU
	EndGlobalSection
	GlobalSection(ProjectConfigurationPlatforms) = postSolution
		{B02189BC-A892-43EF-809A-63279663BE25}.Debug|Any CPU.ActiveCfg = Debug|Any CPU
		{B02189BC-A892-43EF-809A-63279663BE25}.Debug|Any CPU.Build.0 = Debug|Any CPU
		{B02189BC-A892-43EF-809A-63279663BE25}.Release|Any CPU.ActiveCfg = Release|Any CPU
		{B02189BC-A892-43EF-809A-63279663BE25}.Release|Any CPU.Build.0 = Release|Any CPU
	EndGlobalSection
	GlobalSection(SolutionProperties) = preSolution
		HideSolutionNode = FALSE
	EndGlobalSection
	GlobalSection(ExtensibilityGlobals) = postSolution
		SolutionGuid = {10798895-08D5-4C9E-9628-D0832926D4C4}
	EndGlobalSection
EndGlobal
