
Microsoft Visual Studio Solution File, Format Version 12.00
# Visual Studio Version 16
VisualStudioVersion = 16.0.29111.141
MinimumVisualStudioVersion = 10.0.40219.1
Project("{FAE04EC0-301F-11D3-BF4B-00C04F79EFBC}") = "P01_PersonInfo", "PersonInfo\P01_PersonInfo.csproj", "{4B48510D-2B18-4706-9D1F-A4F1714350B7}"
EndProject
Project("{FAE04EC0-301F-11D3-BF4B-00C04F79EFBC}") = "P03_Ferrari", "P03_Ferrari\P03_Ferrari.csproj", "{D396CC5E-0E34-4A0C-9048-A69F82EFDF5C}"
EndProject
Project("{FAE04EC0-301F-11D3-BF4B-00C04F79EFBC}") = "P04_Telephony", "P04_Telephony\P04_Telephony.csproj", "{B5A610AF-8B41-4A10-9CB3-DA65D417DB16}"
EndProject
Project("{FAE04EC0-301F-11D3-BF4B-00C04F79EFBC}") = "P05_BorderControl", "P05_BorderControl\P05_BorderControl.csproj", "{A37B4788-5A6E-4324-8593-E3809930D298}"
EndProject
Project("{FAE04EC0-301F-11D3-BF4B-00C04F79EFBC}") = "P07_FoodShortage", "P07_FoodShortage\P07_FoodShortage.csproj", "{F24F130D-BE94-4900-A81D-A4874ADD3377}"
EndProject
Global
	GlobalSection(SolutionConfigurationPlatforms) = preSolution
		Debug|Any CPU = Debug|Any CPU
		Release|Any CPU = Release|Any CPU
	EndGlobalSection
	GlobalSection(ProjectConfigurationPlatforms) = postSolution
		{4B48510D-2B18-4706-9D1F-A4F1714350B7}.Debug|Any CPU.ActiveCfg = Debug|Any CPU
		{4B48510D-2B18-4706-9D1F-A4F1714350B7}.Debug|Any CPU.Build.0 = Debug|Any CPU
		{4B48510D-2B18-4706-9D1F-A4F1714350B7}.Release|Any CPU.ActiveCfg = Release|Any CPU
		{4B48510D-2B18-4706-9D1F-A4F1714350B7}.Release|Any CPU.Build.0 = Release|Any CPU
		{D396CC5E-0E34-4A0C-9048-A69F82EFDF5C}.Debug|Any CPU.ActiveCfg = Debug|Any CPU
		{D396CC5E-0E34-4A0C-9048-A69F82EFDF5C}.Debug|Any CPU.Build.0 = Debug|Any CPU
		{D396CC5E-0E34-4A0C-9048-A69F82EFDF5C}.Release|Any CPU.ActiveCfg = Release|Any CPU
		{D396CC5E-0E34-4A0C-9048-A69F82EFDF5C}.Release|Any CPU.Build.0 = Release|Any CPU
		{B5A610AF-8B41-4A10-9CB3-DA65D417DB16}.Debug|Any CPU.ActiveCfg = Debug|Any CPU
		{B5A610AF-8B41-4A10-9CB3-DA65D417DB16}.Debug|Any CPU.Build.0 = Debug|Any CPU
		{B5A610AF-8B41-4A10-9CB3-DA65D417DB16}.Release|Any CPU.ActiveCfg = Release|Any CPU
		{B5A610AF-8B41-4A10-9CB3-DA65D417DB16}.Release|Any CPU.Build.0 = Release|Any CPU
		{A37B4788-5A6E-4324-8593-E3809930D298}.Debug|Any CPU.ActiveCfg = Debug|Any CPU
		{A37B4788-5A6E-4324-8593-E3809930D298}.Debug|Any CPU.Build.0 = Debug|Any CPU
		{A37B4788-5A6E-4324-8593-E3809930D298}.Release|Any CPU.ActiveCfg = Release|Any CPU
		{A37B4788-5A6E-4324-8593-E3809930D298}.Release|Any CPU.Build.0 = Release|Any CPU
		{F24F130D-BE94-4900-A81D-A4874ADD3377}.Debug|Any CPU.ActiveCfg = Debug|Any CPU
		{F24F130D-BE94-4900-A81D-A4874ADD3377}.Debug|Any CPU.Build.0 = Debug|Any CPU
		{F24F130D-BE94-4900-A81D-A4874ADD3377}.Release|Any CPU.ActiveCfg = Release|Any CPU
		{F24F130D-BE94-4900-A81D-A4874ADD3377}.Release|Any CPU.Build.0 = Release|Any CPU
	EndGlobalSection
	GlobalSection(SolutionProperties) = preSolution
		HideSolutionNode = FALSE
	EndGlobalSection
	GlobalSection(ExtensibilityGlobals) = postSolution
		SolutionGuid = {0A0B31EB-FF9B-4ECF-A18C-9603C8EB695D}
	EndGlobalSection
EndGlobal
