
Microsoft Visual Studio Solution File, Format Version 12.00
# Visual Studio Version 16
VisualStudioVersion = 16.0.29123.89
MinimumVisualStudioVersion = 10.0.40219.1
Project("{FAE04EC0-301F-11D3-BF4B-00C04F79EFBC}") = "Logger", "Logger\Logger.csproj", "{30E7ADB6-FCF8-4A50-9AC5-C85CAAC04843}"
EndProject
Global
	GlobalSection(SolutionConfigurationPlatforms) = preSolution
		Debug|Any CPU = Debug|Any CPU
		Release|Any CPU = Release|Any CPU
	EndGlobalSection
	GlobalSection(ProjectConfigurationPlatforms) = postSolution
		{30E7ADB6-FCF8-4A50-9AC5-C85CAAC04843}.Debug|Any CPU.ActiveCfg = Debug|Any CPU
		{30E7ADB6-FCF8-4A50-9AC5-C85CAAC04843}.Debug|Any CPU.Build.0 = Debug|Any CPU
		{30E7ADB6-FCF8-4A50-9AC5-C85CAAC04843}.Release|Any CPU.ActiveCfg = Release|Any CPU
		{30E7ADB6-FCF8-4A50-9AC5-C85CAAC04843}.Release|Any CPU.Build.0 = Release|Any CPU
	EndGlobalSection
	GlobalSection(SolutionProperties) = preSolution
		HideSolutionNode = FALSE
	EndGlobalSection
	GlobalSection(ExtensibilityGlobals) = postSolution
		SolutionGuid = {DC1F001A-C64C-4B23-9395-3116A5056057}
	EndGlobalSection
EndGlobal
